# $ conda create --name <env> --file <this file>
# This file may be used to create an environment using:
# platform: osx-arm64
@EXPLICIT
https://conda.anaconda.org/conda-forge/noarch/aiosignal-1.3.1-pyhd8ed1ab_0.tar.bz2
https://conda.anaconda.org/conda-forge/noarch/annotated-types-0.6.0-pyhd8ed1ab_0.conda
https://conda.anaconda.org/conda-forge/noarch/appdirs-1.4.4-pyh9f0ad1d_0.tar.bz2
https://conda.anaconda.org/conda-forge/noarch/archspec-0.2.3-pyhd8ed1ab_0.conda
https://conda.anaconda.org/conda-forge/noarch/attrs-23.2.0-pyh71513ae_0.conda
https://conda.anaconda.org/conda-forge/noarch/backports-1.0-pyhd8ed1ab_3.conda
https://conda.anaconda.org/conda-forge/noarch/backports.tarfile-1.0.0-pyhd8ed1ab_1.conda
https://conda.anaconda.org/conda-forge/noarch/boltons-24.0.0-pyhd8ed1ab_0.conda
https://conda.anaconda.org/conda-forge/noarch/cachecontrol-0.14.0-pyhd8ed1ab_0.conda
https://conda.anaconda.org/conda-forge/noarch/cachecontrol-with-filecache-0.14.0-pyhd8ed1ab_0.conda
https://conda.anaconda.org/conda-forge/noarch/cachy-0.3.0-pyhd8ed1ab_1.tar.bz2
https://conda.anaconda.org/conda-forge/noarch/certifi-2024.2.2-pyhd8ed1ab_0.conda
https://conda.anaconda.org/conda-forge/noarch/cfgv-3.3.1-pyhd8ed1ab_0.tar.bz2
https://conda.anaconda.org/conda-forge/noarch/charset-normalizer-3.3.2-pyhd8ed1ab_0.conda
https://conda.anaconda.org/conda-forge/noarch/click-8.1.7-unix_pyh707e725_0.conda
https://conda.anaconda.org/conda-forge/noarch/click-default-group-1.2.4-pyhd8ed1ab_0.conda
https://conda.anaconda.org/conda-forge/noarch/clikit-0.6.2-pyhd8ed1ab_2.conda
https://conda.anaconda.org/conda-forge/noarch/colorama-0.4.6-pyhd8ed1ab_0.tar.bz2
https://conda.anaconda.org/conda-forge/noarch/compiler-rt_osx-arm64-16.0.6-h3808999_2.conda
https://conda.anaconda.org/conda-forge/noarch/conda-devenv-3.3.0-pyhd8ed1ab_0.conda
https://conda.anaconda.org/conda-forge/noarch/conda-libmamba-solver-24.1.0-pyhd8ed1ab_0.conda
https://conda.anaconda.org/conda-forge/noarch/conda-lock-2.5.7-pyhd8ed1ab_0.conda
https://conda.anaconda.org/conda-forge/noarch/conda-package-handling-2.2.0-pyh38be061_0.conda
https://conda.anaconda.org/conda-forge/noarch/conda-package-streaming-0.9.0-pyhd8ed1ab_0.conda
https://conda.anaconda.org/conda-forge/noarch/crashtest-0.4.1-pyhd8ed1ab_0.tar.bz2
https://conda.anaconda.org/conda-forge/noarch/cycler-0.12.1-pyhd8ed1ab_0.conda
https://conda.anaconda.org/conda-forge/noarch/distlib-0.3.8-pyhd8ed1ab_0.conda
https://conda.anaconda.org/conda-forge/noarch/distro-1.9.0-pyhd8ed1ab_0.conda
https://conda.anaconda.org/conda-forge/noarch/ensureconda-1.4.4-pyhd8ed1ab_0.conda
https://conda.anaconda.org/conda-forge/noarch/filelock-3.14.0-pyhd8ed1ab_0.conda
https://conda.anaconda.org/conda-forge/noarch/font-ttf-dejavu-sans-mono-2.37-hab24e00_0.tar.bz2
https://conda.anaconda.org/conda-forge/noarch/font-ttf-inconsolata-3.000-h77eed37_0.tar.bz2
https://conda.anaconda.org/conda-forge/noarch/font-ttf-source-code-pro-2.038-h77eed37_0.tar.bz2
https://conda.anaconda.org/conda-forge/noarch/font-ttf-ubuntu-0.83-h77eed37_2.conda
https://conda.anaconda.org/conda-forge/noarch/fonts-conda-ecosystem-1-0.tar.bz2
https://conda.anaconda.org/conda-forge/noarch/fonts-conda-forge-1-0.tar.bz2
https://conda.anaconda.org/conda-forge/noarch/gitdb-4.0.11-pyhd8ed1ab_0.conda
https://conda.anaconda.org/conda-forge/noarch/gitpython-3.1.43-pyhd8ed1ab_0.conda
https://conda.anaconda.org/conda-forge/noarch/html5lib-1.1-pyh9f0ad1d_0.tar.bz2
https://conda.anaconda.org/conda-forge/noarch/identify-2.5.36-pyhd8ed1ab_0.conda
https://conda.anaconda.org/conda-forge/noarch/idna-3.7-pyhd8ed1ab_0.conda
https://conda.anaconda.org/conda-forge/noarch/importlib-metadata-7.1.0-pyha770c72_0.conda
https://conda.anaconda.org/conda-forge/noarch/importlib_metadata-7.1.0-hd8ed1ab_0.conda
https://conda.anaconda.org/conda-forge/noarch/importlib_resources-6.4.0-pyhd8ed1ab_0.conda
https://conda.anaconda.org/conda-forge/noarch/jaraco.classes-3.4.0-pyhd8ed1ab_1.conda
https://conda.anaconda.org/conda-forge/noarch/jaraco.context-5.3.0-pyhd8ed1ab_1.conda
https://conda.anaconda.org/conda-forge/noarch/jaraco.functools-4.0.0-pyhd8ed1ab_0.conda
https://conda.anaconda.org/conda-forge/noarch/jinja2-3.1.4-pyhd8ed1ab_0.conda
https://conda.anaconda.org/conda-forge/noarch/jsonpatch-1.33-pyhd8ed1ab_0.conda
https://conda.anaconda.org/conda-forge/noarch/keyring-25.2.0-pyh534df25_0.conda
https://conda.anaconda.org/conda-forge/noarch/libgfortran-devel_osx-arm64-12.3.0-hc62be1c_3.conda
https://conda.anaconda.org/conda-forge/noarch/more-itertools-10.2.0-pyhd8ed1ab_0.conda
https://conda.anaconda.org/conda-forge/noarch/munkres-1.1.4-pyh9f0ad1d_0.tar.bz2
https://conda.anaconda.org/conda-forge/noarch/nodeenv-1.8.0-pyhd8ed1ab_0.conda
https://conda.anaconda.org/conda-forge/noarch/packaging-24.0-pyhd8ed1ab_0.conda
https://conda.anaconda.org/conda-forge/noarch/pastel-0.2.1-pyhd8ed1ab_0.tar.bz2
https://conda.anaconda.org/conda-forge/noarch/pip-24.0-pyhd8ed1ab_0.conda
https://conda.anaconda.org/conda-forge/noarch/pkginfo-1.10.0-pyhd8ed1ab_0.conda
https://conda.anaconda.org/conda-forge/noarch/platformdirs-4.2.1-pyhd8ed1ab_0.conda
https://conda.anaconda.org/conda-forge/noarch/pluggy-1.5.0-pyhd8ed1ab_0.conda
https://conda.anaconda.org/conda-forge/noarch/ply-3.11-pyhd8ed1ab_2.conda
https://conda.anaconda.org/conda-forge/noarch/pre-commit-3.7.1-pyha770c72_0.conda
https://conda.anaconda.org/conda-forge/noarch/pybind11-abi-4-hd8ed1ab_3.tar.bz2
https://conda.anaconda.org/conda-forge/noarch/pycparser-2.22-pyhd8ed1ab_0.conda
https://conda.anaconda.org/conda-forge/noarch/pydantic-2.7.1-pyhd8ed1ab_0.conda
https://conda.anaconda.org/conda-forge/noarch/pylev-1.4.0-pyhd8ed1ab_0.tar.bz2
https://conda.anaconda.org/conda-forge/noarch/pyparsing-3.1.2-pyhd8ed1ab_0.conda
https://conda.anaconda.org/conda-forge/noarch/pysocks-1.7.1-pyha2e5f31_6.tar.bz2
https://conda.anaconda.org/conda-forge/noarch/python-dateutil-2.9.0-pyhd8ed1ab_0.conda
https://conda.anaconda.org/conda-forge/noarch/requests-2.31.0-pyhd8ed1ab_0.conda
https://conda.anaconda.org/conda-forge/noarch/setuptools-69.5.1-pyhd8ed1ab_0.conda
https://conda.anaconda.org/conda-forge/noarch/six-1.16.0-pyh6c4a22f_0.tar.bz2
https://conda.anaconda.org/conda-forge/noarch/smmap-5.0.0-pyhd8ed1ab_0.tar.bz2
https://conda.anaconda.org/conda-forge/noarch/tomli-2.0.1-pyhd8ed1ab_0.tar.bz2
https://conda.anaconda.org/conda-forge/noarch/tomlkit-0.12.5-pyha770c72_0.conda
https://conda.anaconda.org/conda-forge/noarch/toolz-0.12.1-pyhd8ed1ab_0.conda
https://conda.anaconda.org/conda-forge/noarch/tqdm-4.66.4-pyhd8ed1ab_0.conda
https://conda.anaconda.org/conda-forge/noarch/truststore-0.8.0-pyhd8ed1ab_0.conda
https://conda.anaconda.org/conda-forge/noarch/typing-extensions-4.11.0-hd8ed1ab_0.conda
https://conda.anaconda.org/conda-forge/noarch/typing_extensions-4.11.0-pyha770c72_0.conda
https://conda.anaconda.org/conda-forge/noarch/tzdata-2024a-h0c530f3_0.conda
https://conda.anaconda.org/conda-forge/noarch/urllib3-1.26.18-pyhd8ed1ab_0.conda
https://conda.anaconda.org/conda-forge/noarch/virtualenv-20.26.1-pyhd8ed1ab_0.conda
https://conda.anaconda.org/conda-forge/noarch/webencodings-0.5.1-pyhd8ed1ab_2.conda
https://conda.anaconda.org/conda-forge/noarch/wheel-0.43.0-pyhd8ed1ab_1.conda
https://conda.anaconda.org/conda-forge/noarch/wslink-2.0.2-pyhd8ed1ab_0.conda
https://conda.anaconda.org/conda-forge/noarch/zipp-3.17.0-pyhd8ed1ab_0.conda
https://conda.anaconda.org/conda-forge/osx-arm64/aiohttp-3.9.5-py311h05b510d_0.conda
https://conda.anaconda.org/conda-forge/osx-arm64/aom-3.9.0-h537b5a7_0.conda
https://conda.anaconda.org/conda-forge/osx-arm64/atk-1.0-2.38.0-hd03087b_2.conda
https://conda.anaconda.org/conda-forge/osx-arm64/blosc-1.21.5-h9c252e8_1.conda
https://conda.anaconda.org/conda-forge/osx-arm64/boost-1.82.0-hf3b2ce4_6.conda
https://conda.anaconda.org/conda-forge/osx-arm64/boost-cpp-1.82.0-hca5e981_6.conda
https://conda.anaconda.org/conda-forge/osx-arm64/brotli-1.1.0-hb547adb_1.conda
https://conda.anaconda.org/conda-forge/osx-arm64/brotli-bin-1.1.0-hb547adb_1.conda
https://conda.anaconda.org/conda-forge/osx-arm64/brotli-python-1.1.0-py311ha891d26_1.conda
https://conda.anaconda.org/conda-forge/osx-arm64/bzip2-1.0.8-h93a5062_5.conda
https://conda.anaconda.org/conda-forge/osx-arm64/c-ares-1.28.1-h93a5062_0.conda
https://conda.anaconda.org/conda-forge/osx-arm64/c-compiler-1.7.0-h6aa9301_1.conda
https://conda.anaconda.org/conda-forge/osx-arm64/ca-certificates-2024.2.2-hf0a4a13_0.conda
https://conda.anaconda.org/conda-forge/osx-arm64/cairo-1.18.0-hd1e100b_0.conda
https://conda.anaconda.org/conda-forge/osx-arm64/ccache-4.9.1-h9b0f9a8_0.conda
https://conda.anaconda.org/conda-forge/osx-arm64/cctools-986-h4faf515_0.conda
https://conda.anaconda.org/conda-forge/osx-arm64/cctools_osx-arm64-986-h62378fb_0.conda
https://conda.anaconda.org/conda-forge/osx-arm64/cffi-1.16.0-py311h4a08483_0.conda
https://conda.anaconda.org/conda-forge/osx-arm64/clang-16-16.0.6-default_he012953_6.conda
https://conda.anaconda.org/conda-forge/osx-arm64/clang-16.0.6-h30cc82d_6.conda
https://conda.anaconda.org/conda-forge/osx-arm64/clang_impl_osx-arm64-16.0.6-hc421ffc_14.conda
https://conda.anaconda.org/conda-forge/osx-arm64/clang_osx-arm64-16.0.6-h54d7cd3_14.conda
https://conda.anaconda.org/conda-forge/osx-arm64/clangxx-16.0.6-default_h4cf2255_6.conda
https://conda.anaconda.org/conda-forge/osx-arm64/clangxx_impl_osx-arm64-16.0.6-hcd7bac0_14.conda
https://conda.anaconda.org/conda-forge/osx-arm64/clangxx_osx-arm64-16.0.6-h54d7cd3_14.conda
https://conda.anaconda.org/conda-forge/osx-arm64/cmake-3.28.3-h50fd54c_0.conda
https://conda.anaconda.org/conda-forge/osx-arm64/coin3d-4.0.2-h7cbf44c_1.conda
https://conda.anaconda.org/conda-forge/osx-arm64/compiler-rt-16.0.6-h3808999_2.conda
https://conda.anaconda.org/conda-forge/osx-arm64/compilers-1.7.0-hce30654_1.conda
https://conda.anaconda.org/conda-forge/osx-arm64/conda-24.4.0-py311h267d04e_0.conda
https://conda.anaconda.org/conda-forge/osx-arm64/contourpy-1.2.1-py311hcc98501_0.conda
https://conda.anaconda.org/conda-forge/osx-arm64/curl-8.7.1-h2d989ff_0.conda
https://conda.anaconda.org/conda-forge/osx-arm64/cxx-compiler-1.7.0-h2ffa867_1.conda
https://conda.anaconda.org/conda-forge/osx-arm64/dav1d-1.2.1-hb547adb_0.conda
https://conda.anaconda.org/conda-forge/osx-arm64/debugpy-1.8.1-py311h92babd0_0.conda
https://conda.anaconda.org/conda-forge/osx-arm64/double-conversion-3.3.0-h13dd4ca_0.conda
https://conda.anaconda.org/conda-forge/osx-arm64/doxygen-1.10.0-h8fbad5d_0.conda
https://conda.anaconda.org/conda-forge/osx-arm64/eigen-3.4.0-h1995070_0.conda
https://conda.anaconda.org/conda-forge/osx-arm64/expat-2.5.0-hb7217d7_1.conda
https://conda.anaconda.org/conda-forge/osx-arm64/ffmpeg-6.1.1-gpl_hd523f96_111.conda
https://conda.anaconda.org/conda-forge/osx-arm64/flann-1.9.2-h4ee9f5c_0.conda
https://conda.anaconda.org/conda-forge/osx-arm64/fltk-1.3.9-h31b9a01_0.conda
https://conda.anaconda.org/conda-forge/osx-arm64/fmt-10.2.1-h2ffa867_0.conda
https://conda.anaconda.org/conda-forge/osx-arm64/fontconfig-2.14.2-h82840c6_0.conda
https://conda.anaconda.org/conda-forge/osx-arm64/fonttools-4.51.0-py311h05b510d_0.conda
https://conda.anaconda.org/conda-forge/osx-arm64/fortran-compiler-1.7.0-hafb19e3_1.conda
https://conda.anaconda.org/conda-forge/osx-arm64/freeimage-3.18.0-hd0e3f39_20.conda
https://conda.anaconda.org/conda-forge/osx-arm64/freetype-2.12.1-hadb7bae_2.conda
https://conda.anaconda.org/conda-forge/osx-arm64/fribidi-1.0.10-h27ca646_0.tar.bz2
https://conda.anaconda.org/conda-forge/osx-arm64/frozenlist-1.4.1-py311h05b510d_0.conda
https://conda.anaconda.org/conda-forge/osx-arm64/gdk-pixbuf-2.42.11-h13c029f_0.conda
https://conda.anaconda.org/conda-forge/osx-arm64/gettext-0.22.5-h8fbad5d_2.conda
https://conda.anaconda.org/conda-forge/osx-arm64/gettext-tools-0.22.5-h8fbad5d_2.conda
https://conda.anaconda.org/conda-forge/osx-arm64/gfortran-12.3.0-h1ca8e4b_1.conda
https://conda.anaconda.org/conda-forge/osx-arm64/gfortran_impl_osx-arm64-12.3.0-h53ed385_3.conda
https://conda.anaconda.org/conda-forge/osx-arm64/gfortran_osx-arm64-12.3.0-h57527a5_1.conda
https://conda.anaconda.org/conda-forge/osx-arm64/giflib-5.2.2-h93a5062_0.conda
https://conda.anaconda.org/conda-forge/osx-arm64/git-2.44.0-pl5321h015987d_0.conda
https://conda.anaconda.org/conda-forge/osx-arm64/gl2ps-1.4.2-h17b34a0_0.tar.bz2
https://conda.anaconda.org/conda-forge/osx-arm64/glew-2.1.0-h9f76cd9_2.tar.bz2
https://conda.anaconda.org/conda-forge/osx-arm64/glib-2.80.2-h535f939_0.conda
https://conda.anaconda.org/conda-forge/osx-arm64/glib-tools-2.80.2-h4c882b9_0.conda
https://conda.anaconda.org/conda-forge/osx-arm64/gmp-6.3.0-hebf3989_1.conda
https://conda.anaconda.org/conda-forge/osx-arm64/gmsh-4.12.2-h8a9da21_0.conda
https://conda.anaconda.org/conda-forge/osx-arm64/gnutls-3.7.9-hd26332c_0.conda
https://conda.anaconda.org/conda-forge/osx-arm64/graphite2-1.3.13-hebf3989_1003.conda
https://conda.anaconda.org/conda-forge/osx-arm64/graphviz-9.0.0-h3face73_1.conda
https://conda.anaconda.org/conda-forge/osx-arm64/gst-plugins-base-1.22.9-h09b4b5e_1.conda
https://conda.anaconda.org/conda-forge/osx-arm64/gstreamer-1.22.9-h551c6ff_1.conda
https://conda.anaconda.org/conda-forge/osx-arm64/gtk2-2.24.33-h7895bb2_4.conda
https://conda.anaconda.org/conda-forge/osx-arm64/gts-0.7.6-he42f4ea_4.conda
https://conda.anaconda.org/conda-forge/osx-arm64/harfbuzz-8.4.0-hbe0f7c0_0.conda
https://conda.anaconda.org/conda-forge/osx-arm64/hdf4-4.2.15-h2ee6834_7.conda
https://conda.anaconda.org/conda-forge/osx-arm64/hdf5-1.14.3-nompi_h751145d_101.conda
https://conda.anaconda.org/conda-forge/osx-arm64/icu-73.2-hc8870d7_0.conda
https://conda.anaconda.org/conda-forge/osx-arm64/imath-3.1.11-h1059232_0.conda
https://conda.anaconda.org/conda-forge/osx-arm64/isl-0.26-imath32_h347afa1_101.conda
https://conda.anaconda.org/conda-forge/osx-arm64/jsoncpp-1.9.5-hc021e02_1.tar.bz2
https://conda.anaconda.org/conda-forge/osx-arm64/jsonpointer-2.4-py311h267d04e_3.conda
https://conda.anaconda.org/conda-forge/osx-arm64/jxrlib-1.1-h93a5062_3.conda
https://conda.anaconda.org/conda-forge/osx-arm64/kiwisolver-1.4.5-py311he4fd1f5_1.conda
https://conda.anaconda.org/conda-forge/osx-arm64/krb5-1.21.2-h92f50d5_0.conda
https://conda.anaconda.org/conda-forge/osx-arm64/lame-3.100-h1a8c8d9_1003.tar.bz2
https://conda.anaconda.org/conda-forge/osx-arm64/lcms2-2.16-ha0e7c42_0.conda
https://conda.anaconda.org/conda-forge/osx-arm64/ld64-711-h634c8be_0.conda
https://conda.anaconda.org/conda-forge/osx-arm64/ld64_osx-arm64-711-ha4bd21c_0.conda
https://conda.anaconda.org/conda-forge/osx-arm64/lerc-4.0.0-h9a09cb3_0.tar.bz2
https://conda.anaconda.org/conda-forge/osx-arm64/libabseil-20240116.2-cxx17_hebf3989_0.conda
https://conda.anaconda.org/conda-forge/osx-arm64/libaec-1.1.3-hebf3989_0.conda
https://conda.anaconda.org/conda-forge/osx-arm64/libarchive-3.7.2-hcacb583_1.conda
https://conda.anaconda.org/conda-forge/osx-arm64/libasprintf-0.22.5-h8fbad5d_2.conda
https://conda.anaconda.org/conda-forge/osx-arm64/libasprintf-devel-0.22.5-h8fbad5d_2.conda
https://conda.anaconda.org/conda-forge/osx-arm64/libass-0.17.1-hf7da4fe_1.conda
https://conda.anaconda.org/conda-forge/osx-arm64/libblas-3.9.0-22_osxarm64_openblas.conda
https://conda.anaconda.org/conda-forge/osx-arm64/libboost-1.82.0-h72cdd8a_6.conda
https://conda.anaconda.org/conda-forge/osx-arm64/libboost-devel-1.82.0-hf450f58_6.conda
https://conda.anaconda.org/conda-forge/osx-arm64/libboost-headers-1.82.0-hce30654_6.conda
https://conda.anaconda.org/conda-forge/osx-arm64/libboost-python-1.82.0-py311hddbb800_6.conda
https://conda.anaconda.org/conda-forge/osx-arm64/libboost-python-devel-1.82.0-py311hf3b2ce4_6.conda
https://conda.anaconda.org/conda-forge/osx-arm64/libbrotlicommon-1.1.0-hb547adb_1.conda
https://conda.anaconda.org/conda-forge/osx-arm64/libbrotlidec-1.1.0-hb547adb_1.conda
https://conda.anaconda.org/conda-forge/osx-arm64/libbrotlienc-1.1.0-hb547adb_1.conda
https://conda.anaconda.org/conda-forge/osx-arm64/libcblas-3.9.0-22_osxarm64_openblas.conda
https://conda.anaconda.org/conda-forge/osx-arm64/libclang-cpp15-15.0.7-default_he012953_5.conda
https://conda.anaconda.org/conda-forge/osx-arm64/libclang-cpp16-16.0.6-default_he012953_6.conda
https://conda.anaconda.org/conda-forge/osx-arm64/libclang13-18.1.5-default_h174537c_0.conda
https://conda.anaconda.org/conda-forge/osx-arm64/libcurl-8.7.1-h2d989ff_0.conda
https://conda.anaconda.org/conda-forge/osx-arm64/libcxx-17.0.6-h5f092b4_0.conda
https://conda.anaconda.org/conda-forge/osx-arm64/libdeflate-1.20-h93a5062_0.conda
https://conda.anaconda.org/conda-forge/osx-arm64/libedit-3.1.20191231-hc8eb9b7_2.tar.bz2
https://conda.anaconda.org/conda-forge/osx-arm64/libev-4.33-h93a5062_2.conda
https://conda.anaconda.org/conda-forge/osx-arm64/libexpat-2.5.0-hb7217d7_1.conda
https://conda.anaconda.org/conda-forge/osx-arm64/libffi-3.4.2-h3422bc3_5.tar.bz2
https://conda.anaconda.org/conda-forge/osx-arm64/libgd-2.3.3-hfdf3952_9.conda
https://conda.anaconda.org/conda-forge/osx-arm64/libgettextpo-0.22.5-h8fbad5d_2.conda
https://conda.anaconda.org/conda-forge/osx-arm64/libgettextpo-devel-0.22.5-h8fbad5d_2.conda
https://conda.anaconda.org/conda-forge/osx-arm64/libgfortran-5.0.0-13_2_0_hd922786_3.conda
https://conda.anaconda.org/conda-forge/osx-arm64/libgfortran5-13.2.0-hf226fd6_3.conda
https://conda.anaconda.org/conda-forge/osx-arm64/libglib-2.80.2-h535f939_0.conda
https://conda.anaconda.org/conda-forge/osx-arm64/libhiredis-1.0.2-hbec66e7_0.tar.bz2
https://conda.anaconda.org/conda-forge/osx-arm64/libhwloc-2.10.0-default_h52d8fe8_1000.conda
https://conda.anaconda.org/conda-forge/osx-arm64/libiconv-1.17-h0d3ecfb_2.conda
https://conda.anaconda.org/conda-forge/osx-arm64/libidn2-2.3.7-h93a5062_0.conda
https://conda.anaconda.org/conda-forge/osx-arm64/libintl-0.22.5-h8fbad5d_2.conda
https://conda.anaconda.org/conda-forge/osx-arm64/libintl-devel-0.22.5-h8fbad5d_2.conda
https://conda.anaconda.org/conda-forge/osx-arm64/libjpeg-turbo-3.0.0-hb547adb_1.conda
https://conda.anaconda.org/conda-forge/osx-arm64/liblapack-3.9.0-22_osxarm64_openblas.conda
https://conda.anaconda.org/conda-forge/osx-arm64/libllvm15-15.0.7-h2621b3d_4.conda
https://conda.anaconda.org/conda-forge/osx-arm64/libllvm16-16.0.6-haab561b_3.conda
https://conda.anaconda.org/conda-forge/osx-arm64/libllvm18-18.1.5-hdac5640_0.conda
https://conda.anaconda.org/conda-forge/osx-arm64/libmamba-1.5.8-h90c426b_0.conda
https://conda.anaconda.org/conda-forge/osx-arm64/libmambapy-1.5.8-py311h26e1311_0.conda
https://conda.anaconda.org/conda-forge/osx-arm64/libnetcdf-4.9.2-nompi_h291a7c2_113.conda
https://conda.anaconda.org/conda-forge/osx-arm64/libnghttp2-1.58.0-ha4dd798_1.conda
https://conda.anaconda.org/conda-forge/osx-arm64/libogg-1.3.4-h27ca646_1.tar.bz2
https://conda.anaconda.org/conda-forge/osx-arm64/libopenblas-0.3.27-openmp_h6c19121_0.conda
https://conda.anaconda.org/conda-forge/osx-arm64/libopenvino-2024.1.0-h5c9529b_5.conda
https://conda.anaconda.org/conda-forge/osx-arm64/libopenvino-arm-cpu-plugin-2024.1.0-h5c9529b_5.conda
https://conda.anaconda.org/conda-forge/osx-arm64/libopenvino-auto-batch-plugin-2024.1.0-hcd65546_5.conda
https://conda.anaconda.org/conda-forge/osx-arm64/libopenvino-auto-plugin-2024.1.0-hcd65546_5.conda
https://conda.anaconda.org/conda-forge/osx-arm64/libopenvino-hetero-plugin-2024.1.0-h88cb26a_5.conda
https://conda.anaconda.org/conda-forge/osx-arm64/libopenvino-ir-frontend-2024.1.0-h88cb26a_5.conda
https://conda.anaconda.org/conda-forge/osx-arm64/libopenvino-onnx-frontend-2024.1.0-h32b5460_5.conda
https://conda.anaconda.org/conda-forge/osx-arm64/libopenvino-paddle-frontend-2024.1.0-h32b5460_5.conda
https://conda.anaconda.org/conda-forge/osx-arm64/libopenvino-pytorch-frontend-2024.1.0-h00cdb27_5.conda
https://conda.anaconda.org/conda-forge/osx-arm64/libopenvino-tensorflow-frontend-2024.1.0-h2741c3b_5.conda
https://conda.anaconda.org/conda-forge/osx-arm64/libopenvino-tensorflow-lite-frontend-2024.1.0-h00cdb27_5.conda
https://conda.anaconda.org/conda-forge/osx-arm64/libopus-1.3.1-h27ca646_1.tar.bz2
https://conda.anaconda.org/conda-forge/osx-arm64/libpng-1.6.43-h091b4b1_0.conda
https://conda.anaconda.org/conda-forge/osx-arm64/libpq-16.3-h7afe498_0.conda
https://conda.anaconda.org/conda-forge/osx-arm64/libprotobuf-4.25.3-hbfab5d5_0.conda
https://conda.anaconda.org/conda-forge/osx-arm64/libraw-0.21.1-h2ee6834_2.conda
https://conda.anaconda.org/conda-forge/osx-arm64/librsvg-2.58.0-hb3d354b_1.conda
https://conda.anaconda.org/conda-forge/osx-arm64/libsolv-0.7.29-h1efcc80_0.conda
https://conda.anaconda.org/conda-forge/osx-arm64/libsqlite-3.45.3-h091b4b1_0.conda
https://conda.anaconda.org/conda-forge/osx-arm64/libssh2-1.11.0-h7a5bd25_0.conda
https://conda.anaconda.org/conda-forge/osx-arm64/libtasn1-4.19.0-h1a8c8d9_0.tar.bz2
https://conda.anaconda.org/conda-forge/osx-arm64/libtheora-1.1.1-h3422bc3_1005.tar.bz2
https://conda.anaconda.org/conda-forge/osx-arm64/libtiff-4.6.0-h07db509_3.conda
https://conda.anaconda.org/conda-forge/osx-arm64/libunistring-0.9.10-h3422bc3_0.tar.bz2
https://conda.anaconda.org/conda-forge/osx-arm64/libuv-1.48.0-h93a5062_0.conda
https://conda.anaconda.org/conda-forge/osx-arm64/libvorbis-1.3.7-h9f76cd9_0.tar.bz2
https://conda.anaconda.org/conda-forge/osx-arm64/libvpx-1.14.0-h078ce10_0.conda
https://conda.anaconda.org/conda-forge/osx-arm64/libwebp-1.4.0-h54798ee_0.conda
https://conda.anaconda.org/conda-forge/osx-arm64/libwebp-base-1.4.0-h93a5062_0.conda
https://conda.anaconda.org/conda-forge/osx-arm64/libxcb-1.15-hf346824_0.conda
https://conda.anaconda.org/conda-forge/osx-arm64/libxml2-2.12.7-ha661575_0.conda
https://conda.anaconda.org/conda-forge/osx-arm64/libxslt-1.1.39-h223e5b9_0.conda
https://conda.anaconda.org/conda-forge/osx-arm64/libzip-1.10.1-ha0bc3c6_3.conda
https://conda.anaconda.org/conda-forge/osx-arm64/libzlib-1.2.13-h53f4e23_5.conda
https://conda.anaconda.org/conda-forge/osx-arm64/llvm-openmp-18.1.5-hde57baf_0.conda
https://conda.anaconda.org/conda-forge/osx-arm64/llvm-tools-16.0.6-haab561b_3.conda
https://conda.anaconda.org/conda-forge/osx-arm64/loguru-0.7.2-py311h267d04e_1.conda
https://conda.anaconda.org/conda-forge/osx-arm64/lz4-c-1.9.4-hb7217d7_0.conda
https://conda.anaconda.org/conda-forge/osx-arm64/lzo-2.10-h93a5062_1001.conda
https://conda.anaconda.org/conda-forge/osx-arm64/mamba-1.5.8-py311hb045da1_0.conda
https://conda.anaconda.org/conda-forge/osx-arm64/markupsafe-2.1.5-py311h05b510d_0.conda
https://conda.anaconda.org/conda-forge/osx-arm64/matplotlib-3.8.4-py311ha1ab1f8_0.conda
https://conda.anaconda.org/conda-forge/osx-arm64/matplotlib-base-3.8.4-py311hb58f1d1_0.conda
https://conda.anaconda.org/conda-forge/osx-arm64/menuinst-2.0.2-py311h267d04e_0.conda
https://conda.anaconda.org/conda-forge/osx-arm64/mpc-1.3.1-h91ba8db_0.conda
https://conda.anaconda.org/conda-forge/osx-arm64/mpfr-4.2.1-h41d338b_1.conda
https://conda.anaconda.org/conda-forge/osx-arm64/msgpack-python-1.0.7-py311hd03642b_0.conda
https://conda.anaconda.org/conda-forge/osx-arm64/multidict-6.0.5-py311he2be06e_0.conda
https://conda.anaconda.org/conda-forge/osx-arm64/mysql-common-8.3.0-hd1853d3_4.conda
https://conda.anaconda.org/conda-forge/osx-arm64/mysql-libs-8.3.0-hf036fc4_4.conda
https://conda.anaconda.org/conda-forge/osx-arm64/ncurses-6.5-hb89a1cb_0.conda
https://conda.anaconda.org/conda-forge/osx-arm64/nettle-3.9.1-h40ed0f5_0.conda
https://conda.anaconda.org/conda-forge/osx-arm64/ninja-1.12.1-h420ef59_0.conda
https://conda.anaconda.org/conda-forge/osx-arm64/nlohmann_json-3.11.3-hebf3989_0.conda
https://conda.anaconda.org/conda-forge/osx-arm64/nspr-4.35-hb7217d7_0.conda
https://conda.anaconda.org/conda-forge/osx-arm64/nss-3.100-hc6e9f88_0.conda
https://conda.anaconda.org/conda-forge/osx-arm64/numpy-1.26.4-py311h7125741_0.conda
https://conda.anaconda.org/conda-forge/osx-arm64/occt-7.6.3-all_hf24a841_203.conda
https://conda.anaconda.org/conda-forge/osx-arm64/openexr-3.2.2-h2c51e1d_1.conda
https://conda.anaconda.org/conda-forge/osx-arm64/openh264-2.4.1-hebf3989_0.conda
https://conda.anaconda.org/conda-forge/osx-arm64/openjpeg-2.5.2-h9f1df11_0.conda
https://conda.anaconda.org/conda-forge/osx-arm64/openssl-3.3.0-h0d3ecfb_0.conda
https://conda.anaconda.org/conda-forge/osx-arm64/p11-kit-0.24.1-h29577a5_0.tar.bz2
https://conda.anaconda.org/conda-forge/osx-arm64/pango-1.52.2-hb067d4f_0.conda
https://conda.anaconda.org/conda-forge/osx-arm64/pcl-1.13.1-hc87a3e3_3.conda
https://conda.anaconda.org/conda-forge/osx-arm64/pcre2-10.43-h26f9a81_0.conda
https://conda.anaconda.org/conda-forge/osx-arm64/perl-5.32.1-7_h4614cfb_perl5.conda
https://conda.anaconda.org/conda-forge/osx-arm64/pillow-10.3.0-py311h0b5d0a1_0.conda
https://conda.anaconda.org/conda-forge/osx-arm64/pivy-0.6.8-py311hd6ee22a_2.tar.bz2
https://conda.anaconda.org/conda-forge/osx-arm64/pixman-0.43.4-hebf3989_0.conda
https://conda.anaconda.org/conda-forge/osx-arm64/pkg-config-0.29.2-hab62308_1008.tar.bz2
https://conda.anaconda.org/conda-forge/osx-arm64/proj-9.3.1-h93d94ba_0.conda
https://conda.anaconda.org/conda-forge/osx-arm64/pthread-stubs-0.4-h27ca646_1001.tar.bz2
https://conda.anaconda.org/conda-forge/osx-arm64/pugixml-1.14-h13dd4ca_0.conda
https://conda.anaconda.org/conda-forge/osx-arm64/pybind11-2.12.0-py311hcc98501_0.conda
https://conda.anaconda.org/conda-forge/osx-arm64/pybind11-global-2.12.0-py311hcc98501_0.conda
https://conda.anaconda.org/conda-forge/osx-arm64/pycosat-0.6.6-py311heffc1b2_0.conda
https://conda.anaconda.org/conda-forge/osx-arm64/pydantic-core-2.18.2-py311h5d190b6_0.conda
https://conda.anaconda.org/conda-forge/osx-arm64/pyside2-5.15.8-py311h737ae55_4.conda
https://conda.anaconda.org/conda-forge/osx-arm64/python-3.11.8-hdf0ec26_0_cpython.conda
https://conda.anaconda.org/conda-forge/osx-arm64/python_abi-3.11-4_cp311.conda
https://conda.anaconda.org/conda-forge/osx-arm64/pyyaml-6.0.1-py311heffc1b2_1.conda
https://conda.anaconda.org/conda-forge/osx-arm64/qhull-2020.2-hc021e02_2.tar.bz2
https://conda.anaconda.org/conda-forge/osx-arm64/qt-5.15.8-h13919d0_0.conda
https://conda.anaconda.org/conda-forge/osx-arm64/qt-main-5.15.8-h07f8ed4_20.conda
https://conda.anaconda.org/conda-forge/osx-arm64/qt-webengine-5.15.8-h850e111_4.conda
https://conda.anaconda.org/conda-forge/osx-arm64/rapidjson-1.1.0.post20240409-h00cdb27_1.conda
https://conda.anaconda.org/conda-forge/osx-arm64/readline-8.2-h92ec313_1.conda
https://conda.anaconda.org/conda-forge/osx-arm64/reproc-14.2.4.post0-h93a5062_1.conda
https://conda.anaconda.org/conda-forge/osx-arm64/reproc-cpp-14.2.4.post0-h965bd2d_1.conda
https://conda.anaconda.org/conda-forge/osx-arm64/rhash-1.4.4-hb547adb_0.conda
https://conda.anaconda.org/conda-forge/osx-arm64/ruamel.yaml-0.18.6-py311h05b510d_0.conda
https://conda.anaconda.org/conda-forge/osx-arm64/ruamel.yaml.clib-0.2.8-py311h05b510d_0.conda
https://conda.anaconda.org/conda-forge/osx-arm64/sed-4.8-hc6a1b29_0.tar.bz2
https://conda.anaconda.org/conda-forge/osx-arm64/sigtool-0.1.3-h44b9a77_0.tar.bz2
https://conda.anaconda.org/conda-forge/osx-arm64/smesh-9.9.0.0-hb6b1f3d_10.conda
https://conda.anaconda.org/conda-forge/osx-arm64/snappy-1.2.0-hd04f947_1.conda
https://conda.anaconda.org/conda-forge/osx-arm64/soqt-1.6.2-h88df7bf_0.conda
https://conda.anaconda.org/conda-forge/osx-arm64/sqlite-3.45.3-hf2abe2d_0.conda
https://conda.anaconda.org/conda-forge/osx-arm64/svt-av1-2.0.0-h078ce10_0.conda
https://conda.anaconda.org/conda-forge/osx-arm64/swig-4.2.1-hfe15c3f_0.conda
https://conda.anaconda.org/conda-forge/osx-arm64/tapi-1100.0.11-he4954df_0.tar.bz2
https://conda.anaconda.org/conda-forge/osx-arm64/tbb-2021.12.0-h2ffa867_0.conda
https://conda.anaconda.org/conda-forge/osx-arm64/tbb-devel-2021.12.0-hf0e5eac_0.conda
https://conda.anaconda.org/conda-forge/osx-arm64/tk-8.6.13-h5083fa2_1.conda
https://conda.anaconda.org/conda-forge/osx-arm64/tornado-6.4-py311h05b510d_0.conda
https://conda.anaconda.org/conda-forge/osx-arm64/ukkonen-1.0.1-py311he4fd1f5_4.conda
https://conda.anaconda.org/conda-forge/osx-arm64/utfcpp-4.0.5-hce30654_0.conda
https://conda.anaconda.org/conda-forge/osx-arm64/vtk-9.2.6-qt_py311h1234567_220.conda
https://conda.anaconda.org/conda-forge/osx-arm64/vtk-base-9.2.6-qt_py311h1234567_220.conda
https://conda.anaconda.org/conda-forge/osx-arm64/vtk-io-ffmpeg-9.2.6-qt_py311h1234567_220.conda
https://conda.anaconda.org/conda-forge/osx-arm64/x264-1!164.3095-h57fd34a_2.tar.bz2
https://conda.anaconda.org/conda-forge/osx-arm64/x265-3.5-hbc6ce65_3.tar.bz2
https://conda.anaconda.org/conda-forge/osx-arm64/xerces-c-3.2.5-hf393695_0.conda
https://conda.anaconda.org/conda-forge/osx-arm64/xorg-fixesproto-5.0-h3422bc3_1002.tar.bz2
https://conda.anaconda.org/conda-forge/osx-arm64/xorg-kbproto-1.0.7-h27ca646_1002.tar.bz2
https://conda.anaconda.org/conda-forge/osx-arm64/xorg-libice-1.1.1-hb547adb_0.conda
https://conda.anaconda.org/conda-forge/osx-arm64/xorg-libsm-1.2.4-hb547adb_0.conda
https://conda.anaconda.org/conda-forge/osx-arm64/xorg-libx11-1.8.9-h570a39f_0.conda
https://conda.anaconda.org/conda-forge/osx-arm64/xorg-libxau-1.0.11-hb547adb_0.conda
https://conda.anaconda.org/conda-forge/osx-arm64/xorg-libxdmcp-1.1.3-h27ca646_0.tar.bz2
https://conda.anaconda.org/conda-forge/osx-arm64/xorg-libxext-1.3.4-h1a8c8d9_2.conda
https://conda.anaconda.org/conda-forge/osx-arm64/xorg-libxfixes-5.0.3-h3422bc3_1004.tar.bz2
https://conda.anaconda.org/conda-forge/osx-arm64/xorg-libxrender-0.9.11-hb547adb_0.conda
https://conda.anaconda.org/conda-forge/osx-arm64/xorg-renderproto-0.11.1-h27ca646_1002.tar.bz2
https://conda.anaconda.org/conda-forge/osx-arm64/xorg-xextproto-7.3.0-h1a8c8d9_1003.conda
https://conda.anaconda.org/conda-forge/osx-arm64/xorg-xproto-7.0.31-h27ca646_1007.tar.bz2
https://conda.anaconda.org/conda-forge/osx-arm64/xz-5.2.6-h57fd34a_0.tar.bz2
https://conda.anaconda.org/conda-forge/osx-arm64/yaml-0.2.5-h3422bc3_2.tar.bz2
https://conda.anaconda.org/conda-forge/osx-arm64/yaml-cpp-0.8.0-h13dd4ca_0.conda
https://conda.anaconda.org/conda-forge/osx-arm64/yarl-1.9.4-py311h05b510d_0.conda
https://conda.anaconda.org/conda-forge/osx-arm64/zlib-1.2.13-h53f4e23_5.conda
https://conda.anaconda.org/conda-forge/osx-arm64/zstandard-0.19.0-py311he2be06e_0.tar.bz2
https://conda.anaconda.org/conda-forge/osx-arm64/zstd-1.5.6-hb46c0d2_0.conda
